// !$*UTF8*$!
{
	archiveVersion = 1;
	classes = {
	};
	objectVersion = 46;
	objects = {

/* Begin PBXBuildFile section */
		325DC91D1BD4DD8500CF5004 /* main.m in Sources */ = {isa = PBXBuildFile; fileRef = 325DC91C1BD4DD8500CF5004 /* main.m */; };
		325DC9201BD4DD8500CF5004 /* AppDelegate.m in Sources */ = {isa = PBXBuildFile; fileRef = 325DC91F1BD4DD8500CF5004 /* AppDelegate.m */; };
		325DC9231BD4DD8500CF5004 /* ViewController.m in Sources */ = {isa = PBXBuildFile; fileRef = 325DC9221BD4DD8500CF5004 /* ViewController.m */; };
		325DC9261BD4DD8500CF5004 /* Main.storyboard in Resources */ = {isa = PBXBuildFile; fileRef = 325DC9241BD4DD8500CF5004 /* Main.storyboard */; };
		325DC9281BD4DD8500CF5004 /* Assets.xcassets in Resources */ = {isa = PBXBuildFile; fileRef = 325DC9271BD4DD8500CF5004 /* Assets.xcassets */; };
		325DC92B1BD4DD8500CF5004 /* LaunchScreen.storyboard in Resources */ = {isa = PBXBuildFile; fileRef = 325DC9291BD4DD8500CF5004 /* LaunchScreen.storyboard */; };
		325DC9361BD4DD8500CF5004 /* WGNumberPickerUITests.m in Sources */ = {isa = PBXBuildFile; fileRef = 325DC9351BD4DD8500CF5004 /* WGNumberPickerUITests.m */; };
/* End PBXBuildFile section */

/* Begin PBXContainerItemProxy section */
		325DC9321BD4DD8500CF5004 /* PBXContainerItemProxy */ = {
			isa = PBXContainerItemProxy;
			containerPortal = 325DC9101BD4DD8500CF5004 /* Project object */;
			proxyType = 1;
			remoteGlobalIDString = 325DC9171BD4DD8500CF5004;
			remoteInfo = WGNumberPicker;
		};
/* End PBXContainerItemProxy section */

/* Begin PBXFileReference section */
		325DC9181BD4DD8500CF5004 /* WGNumberPicker.app */ = {isa = PBXFileReference; explicitFileType = wrapper.application; includeInIndex = 0; path = WGNumberPicker.app; sourceTree = BUILT_PRODUCTS_DIR; };
		325DC91C1BD4DD8500CF5004 /* main.m */ = {isa = PBXFileReference; lastKnownFileType = sourcecode.c.objc; path = main.m; sourceTree = "<group>"; };
		325DC91E1BD4DD8500CF5004 /* AppDelegate.h */ = {isa = PBXFileReference; lastKnownFileType = sourcecode.c.h; path = AppDelegate.h; sourceTree = "<group>"; };
		325DC91F1BD4DD8500CF5004 /* AppDelegate.m */ = {isa = PBXFileReference; lastKnownFileType = sourcecode.c.objc; path = AppDelegate.m; sourceTree = "<group>"; };
		325DC9211BD4DD8500CF5004 /* ViewController.h */ = {isa = PBXFileReference; lastKnownFileType = sourcecode.c.h; path = ViewController.h; sourceTree = "<group>"; };
		325DC9221BD4DD8500CF5004 /* ViewController.m */ = {isa = PBXFileReference; lastKnownFileType = sourcecode.c.objc; path = ViewController.m; sourceTree = "<group>"; };
		325DC9251BD4DD8500CF5004 /* Base */ = {isa = PBXFileReference; lastKnownFileType = file.storyboard; name = Base; path = Base.lproj/Main.storyboard; sourceTree = "<group>"; };
		325DC9271BD4DD8500CF5004 /* Assets.xcassets */ = {isa = PBXFileReference; lastKnownFileType = folder.assetcatalog; path = Assets.xcassets; sourceTree = "<group>"; };
		325DC92A1BD4DD8500CF5004 /* Base */ = {isa = PBXFileReference; lastKnownFileType = file.storyboard; name = Base; path = Base.lproj/LaunchScreen.storyboard; sourceTree = "<group>"; };
		325DC92C1BD4DD8500CF5004 /* Info.plist */ = {isa = PBXFileReference; lastKnownFileType = text.plist.xml; path = Info.plist; sourceTree = "<group>"; };
		325DC9311BD4DD8500CF5004 /* WGNumberPickerUITests.xctest */ = {isa = PBXFileReference; explicitFileType = wrapper.cfbundle; includeInIndex = 0; path = WGNumberPickerUITests.xctest; sourceTree = BUILT_PRODUCTS_DIR; };
		325DC9351BD4DD8500CF5004 /* WGNumberPickerUITests.m */ = {isa = PBXFileReference; lastKnownFileType = sourcecode.c.objc; path = WGNumberPickerUITests.m; sourceTree = "<group>"; };
		325DC9371BD4DD8500CF5004 /* Info.plist */ = {isa = PBXFileReference; lastKnownFileType = text.plist.xml; path = Info.plist; sourceTree = "<group>"; };
/* End PBXFileReference section */

/* Begin PBXFrameworksBuildPhase section */
		325DC9151BD4DD8500CF5004 /* Frameworks */ = {
			isa = PBXFrameworksBuildPhase;
			buildActionMask = 2147483647;
			files = (
			);
			runOnlyForDeploymentPostprocessing = 0;
		};
		325DC92E1BD4DD8500CF5004 /* Frameworks */ = {
			isa = PBXFrameworksBuildPhase;
			buildActionMask = 2147483647;
			files = (
			);
			runOnlyForDeploymentPostprocessing = 0;
		};
/* End PBXFrameworksBuildPhase section */

/* Begin PBXGroup section */
		325DC90F1BD4DD8500CF5004 = {
			isa = PBXGroup;
			children = (
				325DC91A1BD4DD8500CF5004 /* WGNumberPicker */,
				325DC9341BD4DD8500CF5004 /* WGNumberPickerUITests */,
				325DC9191BD4DD8500CF5004 /* Products */,
			);
			sourceTree = "<group>";
		};
		325DC9191BD4DD8500CF5004 /* Products */ = {
			isa = PBXGroup;
			children = (
				325DC9181BD4DD8500CF5004 /* WGNumberPicker.app */,
				325DC9311BD4DD8500CF5004 /* WGNumberPickerUITests.xctest */,
			);
			name = Products;
			sourceTree = "<group>";
		};
		325DC91A1BD4DD8500CF5004 /* WGNumberPicker */ = {
			isa = PBXGroup;
			children = (
				325DC91E1BD4DD8500CF5004 /* AppDelegate.h */,
				325DC91F1BD4DD8500CF5004 /* AppDelegate.m */,
				325DC9211BD4DD8500CF5004 /* ViewController.h */,
				325DC9221BD4DD8500CF5004 /* ViewController.m */,
				325DC9241BD4DD8500CF5004 /* Main.storyboard */,
				325DC9271BD4DD8500CF5004 /* Assets.xcassets */,
				325DC9291BD4DD8500CF5004 /* LaunchScreen.storyboard */,
				325DC92C1BD4DD8500CF5004 /* Info.plist */,
				325DC91B1BD4DD8500CF5004 /* Supporting Files */,
			);
			path = WGNumberPicker;
			sourceTree = "<group>";
		};
		325DC91B1BD4DD8500CF5004 /* Supporting Files */ = {
			isa = PBXGroup;
			children = (
				325DC91C1BD4DD8500CF5004 /* main.m */,
			);
			name = "Supporting Files";
			sourceTree = "<group>";
		};
		325DC9341BD4DD8500CF5004 /* WGNumberPickerUITests */ = {
			isa = PBXGroup;
			children = (
				325DC9351BD4DD8500CF5004 /* WGNumberPickerUITests.m */,
				325DC9371BD4DD8500CF5004 /* Info.plist */,
			);
			path = WGNumberPickerUITests;
			sourceTree = "<group>";
		};
/* End PBXGroup section */

/* Begin PBXNativeTarget section */
		325DC9171BD4DD8500CF5004 /* WGNumberPicker */ = {
			isa = PBXNativeTarget;
			buildConfigurationList = 325DC93A1BD4DD8500CF5004 /* Build configuration list for PBXNativeTarget "WGNumberPicker" */;
			buildPhases = (
				325DC9141BD4DD8500CF5004 /* Sources */,
				325DC9151BD4DD8500CF5004 /* Frameworks */,
				325DC9161BD4DD8500CF5004 /* Resources */,
			);
			buildRules = (
			);
			dependencies = (
			);
			name = WGNumberPicker;
			productName = WGNumberPicker;
			productReference = 325DC9181BD4DD8500CF5004 /* WGNumberPicker.app */;
			productType = "com.apple.product-type.application";
		};
		325DC9301BD4DD8500CF5004 /* WGNumberPickerUITests */ = {
			isa = PBXNativeTarget;
			buildConfigurationList = 325DC93D1BD4DD8500CF5004 /* Build configuration list for PBXNativeTarget "WGNumberPickerUITests" */;
			buildPhases = (
				325DC92D1BD4DD8500CF5004 /* Sources */,
				325DC92E1BD4DD8500CF5004 /* Frameworks */,
				325DC92F1BD4DD8500CF5004 /* Resources */,
			);
			buildRules = (
			);
			dependencies = (
				325DC9331BD4DD8500CF5004 /* PBXTargetDependency */,
			);
			name = WGNumberPickerUITests;
			productName = WGNumberPickerUITests;
			productReference = 325DC9311BD4DD8500CF5004 /* WGNumberPickerUITests.xctest */;
			productType = "com.apple.product-type.bundle.ui-testing";
		};
/* End PBXNativeTarget section */

/* Begin PBXProject section */
		325DC9101BD4DD8500CF5004 /* Project object */ = {
			isa = PBXProject;
			attributes = {
				LastUpgradeCheck = 0700;
				ORGANIZATIONNAME = "王刚";
				TargetAttributes = {
					325DC9171BD4DD8500CF5004 = {
						CreatedOnToolsVersion = 7.0;
					};
					325DC9301BD4DD8500CF5004 = {
						CreatedOnToolsVersion = 7.0;
						TestTargetID = 325DC9171BD4DD8500CF5004;
					};
				};
			};
			buildConfigurationList = 325DC9131BD4DD8500CF5004 /* Build configuration list for PBXProject "WGNumberPicker" */;
			compatibilityVersion = "Xcode 3.2";
			developmentRegion = English;
			hasScannedForEncodings = 0;
			knownRegions = (
				en,
				Base,
			);
			mainGroup = 325DC90F1BD4DD8500CF5004;
			productRefGroup = 325DC9191BD4DD8500CF5004 /* Products */;
			projectDirPath = "";
			projectRoot = "";
			targets = (
				325DC9171BD4DD8500CF5004 /* WGNumberPicker */,
				325DC9301BD4DD8500CF5004 /* WGNumberPickerUITests */,
			);
		};
/* End PBXProject section */

/* Begin PBXResourcesBuildPhase section */
		325DC9161BD4DD8500CF5004 /* Resources */ = {
			isa = PBXResourcesBuildPhase;
			buildActionMask = 2147483647;
			files = (
				325DC92B1BD4DD8500CF5004 /* LaunchScreen.storyboard in Resources */,
				325DC9281BD4DD8500CF5004 /* Assets.xcassets in Resources */,
				325DC9261BD4DD8500CF5004 /* Main.storyboard in Resources */,
			);
			runOnlyForDeploymentPostprocessing = 0;
		};
		325DC92F1BD4DD8500CF5004 /* Resources */ = {
			isa = PBXResourcesBuildPhase;
			buildActionMask = 2147483647;
			files = (
			);
			runOnlyForDeploymentPostprocessing = 0;
		};
/* End PBXResourcesBuildPhase section */

/* Begin PBXSourcesBuildPhase section */
		325DC9141BD4DD8500CF5004 /* Sources */ = {
			isa = PBXSourcesBuildPhase;
			buildActionMask = 2147483647;
			files = (
				325DC9231BD4DD8500CF5004 /* ViewController.m in Sources */,
				325DC9201BD4DD8500CF5004 /* AppDelegate.m in Sources */,
				325DC91D1BD4DD8500CF5004 /* main.m in Sources */,
			);
			runOnlyForDeploymentPostprocessing = 0;
		};
		325DC92D1BD4DD8500CF5004 /* Sources */ = {
			isa = PBXSourcesBuildPhase;
			buildActionMask = 2147483647;
			files = (
				325DC9361BD4DD8500CF5004 /* WGNumberPickerUITests.m in Sources */,
			);
			runOnlyForDeploymentPostprocessing = 0;
		};
/* End PBXSourcesBuildPhase section */

/* Begin PBXTargetDependency section */
		325DC9331BD4DD8500CF5004 /* PBXTargetDependency */ = {
			isa = PBXTargetDependency;
			target = 325DC9171BD4DD8500CF5004 /* WGNumberPicker */;
			targetProxy = 325DC9321BD4DD8500CF5004 /* PBXContainerItemProxy */;
		};
/* End PBXTargetDependency section */

/* Begin PBXVariantGroup section */
		325DC9241BD4DD8500CF5004 /* Main.storyboard */ = {
			isa = PBXVariantGroup;
			children = (
				325DC9251BD4DD8500CF5004 /* Base */,
			);
			name = Main.storyboard;
			sourceTree = "<group>";
		};
		325DC9291BD4DD8500CF5004 /* LaunchScreen.storyboard */ = {
			isa = PBXVariantGroup;
			children = (
				325DC92A1BD4DD8500CF5004 /* Base */,
			);
			name = LaunchScreen.storyboard;
			sourceTree = "<group>";
		};
/* End PBXVariantGroup section */

/* Begin XCBuildConfiguration section */
		325DC9381BD4DD8500CF5004 /* Debug */ = {
			isa = XCBuildConfiguration;
			buildSettings = {
				ALWAYS_SEARCH_USER_PATHS = NO;
				CLANG_CXX_LANGUAGE_STANDARD = "gnu++0x";
				CLANG_CXX_LIBRARY = "libc++";
				CLANG_ENABLE_MODULES = YES;
				CLANG_ENABLE_OBJC_ARC = YES;
				CLANG_WARN_BOOL_CONVERSION = YES;
				CLANG_WARN_CONSTANT_CONVERSION = YES;
				CLANG_WARN_DIRECT_OBJC_ISA_USAGE = YES_ERROR;
				CLANG_WARN_EMPTY_BODY = YES;
				CLANG_WARN_ENUM_CONVERSION = YES;
				CLANG_WARN_INT_CONVERSION = YES;
				CLANG_WARN_OBJC_ROOT_CLASS = YES_ERROR;
				CLANG_WARN_UNREACHABLE_CODE = YES;
				CLANG_WARN__DUPLICATE_METHOD_MATCH = YES;
				"CODE_SIGN_IDENTITY[sdk=iphoneos*]" = "iPhone Developer";
				COPY_PHASE_STRIP = NO;
				DEBUG_INFORMATION_FORMAT = dwarf;
				ENABLE_STRICT_OBJC_MSGSEND = YES;
				ENABLE_TESTABILITY = YES;
				GCC_C_LANGUAGE_STANDARD = gnu99;
				GCC_DYNAMIC_NO_PIC = NO;
				GCC_NO_COMMON_BLOCKS = YES;
				GCC_OPTIMIZATION_LEVEL = 0;
				GCC_PREPROCESSOR_DEFINITIONS = (
					"DEBUG=1",
					"$(inherited)",
				);
				GCC_WARN_64_TO_32_BIT_CONVERSION = YES;
				GCC_WARN_ABOUT_RETURN_TYPE = YES_ERROR;
				GCC_WARN_UNDECLARED_SELECTOR = YES;
				GCC_WARN_UNINITIALIZED_AUTOS = YES_AGGRESSIVE;
				GCC_WARN_UNUSED_FUNCTION = YES;
				GCC_WARN_UNUSED_VARIABLE = YES;
				IPHONEOS_DEPLOYMENT_TARGET = 9.0;
				MTL_ENABLE_DEBUG_INFO = YES;
				ONLY_ACTIVE_ARCH = YES;
				SDKROOT = iphoneos;
				TARGETED_DEVICE_FAMILY = "1,2";
			};
			name = Debug;
		};
		325DC9391BD4DD8500CF5004 /* Release */ = {
			isa = XCBuildConfiguration;
			buildSettings = {
				ALWAYS_SEARCH_USER_PATHS = NO;
				CLANG_CXX_LANGUAGE_STANDARD = "gnu++0x";
				CLANG_CXX_LIBRARY = "libc++";
				CLANG_ENABLE_MODULES = YES;
				CLANG_ENABLE_OBJC_ARC = YES;
				CLANG_WARN_BOOL_CONVERSION = YES;
				CLANG_WARN_CONSTANT_CONVERSION = YES;
				CLANG_WARN_DIRECT_OBJC_ISA_USAGE = YES_ERROR;
				CLANG_WARN_EMPTY_BODY = YES;
				CLANG_WARN_ENUM_CONVERSION = YES;
				CLANG_WARN_INT_CONVERSION = YES;
				CLANG_WARN_OBJC_ROOT_CLASS = YES_ERROR;
				CLANG_WARN_UNREACHABLE_CODE = YES;
				CLANG_WARN__DUPLICATE_METHOD_MATCH = YES;
				"CODE_SIGN_IDENTITY[sdk=iphoneos*]" = "iPhone Developer";
				COPY_PHASE_STRIP = NO;
				DEBUG_INFORMATION_FORMAT = "dwarf-with-dsym";
				ENABLE_NS_ASSERTIONS = NO;
				ENABLE_STRICT_OBJC_MSGSEND = YES;
				GCC_C_LANGUAGE_STANDARD = gnu99;
				GCC_NO_COMMON_BLOCKS = YES;
				GCC_WARN_64_TO_32_BIT_CONVERSION = YES;
				GCC_WARN_ABOUT_RETURN_TYPE = YES_ERROR;
				GCC_WARN_UNDECLARED_SELECTOR = YES;
				GCC_WARN_UNINITIALIZED_AUTOS = YES_AGGRESSIVE;
				GCC_WARN_UNUSED_FUNCTION = YES;
				GCC_WARN_UNUSED_VARIABLE = YES;
				IPHONEOS_DEPLOYMENT_TARGET = 9.0;
				MTL_ENABLE_DEBUG_INFO = NO;
				SDKROOT = iphoneos;
				TARGETED_DEVICE_FAMILY = "1,2";
				VALIDATE_PRODUCT = YES;
			};
			name = Release;
		};
		325DC93B1BD4DD8500CF5004 /* Debug */ = {
			isa = XCBuildConfiguration;
			buildSettings = {
				ASSETCATALOG_COMPILER_APPICON_NAME = AppIcon;
				INFOPLIST_FILE = WGNumberPicker/Info.plist;
				LD_RUNPATH_SEARCH_PATHS = "$(inherited) @executable_path/Frameworks";
				PRODUCT_BUNDLE_IDENTIFIER = info.wwwlife.WGNumberPicker;
				PRODUCT_NAME = "$(TARGET_NAME)";
			};
			name = Debug;
		};
		325DC93C1BD4DD8500CF5004 /* Release */ = {
			isa = XCBuildConfiguration;
			buildSettings = {
				ASSETCATALOG_COMPILER_APPICON_NAME = AppIcon;
				INFOPLIST_FILE = WGNumberPicker/Info.plist;
				LD_RUNPATH_SEARCH_PATHS = "$(inherited) @executable_path/Frameworks";
				PRODUCT_BUNDLE_IDENTIFIER = info.wwwlife.WGNumberPicker;
				PRODUCT_NAME = "$(TARGET_NAME)";
			};
			name = Release;
		};
		325DC93E1BD4DD8500CF5004 /* Debug */ = {
			isa = XCBuildConfiguration;
			buildSettings = {
				INFOPLIST_FILE = WGNumberPickerUITests/Info.plist;
				LD_RUNPATH_SEARCH_PATHS = "$(inherited) @executable_path/Frameworks @loader_path/Frameworks";
				PRODUCT_BUNDLE_IDENTIFIER = info.wwwlife.WGNumberPickerUITests;
				PRODUCT_NAME = "$(TARGET_NAME)";
				TEST_TARGET_NAME = WGNumberPicker;
				USES_XCTRUNNER = YES;
			};
			name = Debug;
		};
		325DC93F1BD4DD8500CF5004 /* Release */ = {
			isa = XCBuildConfiguration;
			buildSettings = {
				INFOPLIST_FILE = WGNumberPickerUITests/Info.plist;
				LD_RUNPATH_SEARCH_PATHS = "$(inherited) @executable_path/Frameworks @loader_path/Frameworks";
				PRODUCT_BUNDLE_IDENTIFIER = info.wwwlife.WGNumberPickerUITests;
				PRODUCT_NAME = "$(TARGET_NAME)";
				TEST_TARGET_NAME = WGNumberPicker;
				USES_XCTRUNNER = YES;
			};
			name = Release;
		};
/* End XCBuildConfiguration section */

/* Begin XCConfigurationList section */
		325DC9131BD4DD8500CF5004 /* Build configuration list for PBXProject "WGNumberPicker" */ = {
			isa = XCConfigurationList;
			buildConfigurations = (
				325DC9381BD4DD8500CF5004 /* Debug */,
				325DC9391BD4DD8500CF5004 /* Release */,
			);
			defaultConfigurationIsVisible = 0;
			defaultConfigurationName = Release;
		};
		325DC93A1BD4DD8500CF5004 /* Build configuration list for PBXNativeTarget "WGNumberPicker" */ = {
			isa = XCConfigurationList;
			buildConfigurations = (
				325DC93B1BD4DD8500CF5004 /* Debug */,
				325DC93C1BD4DD8500CF5004 /* Release */,
			);
			defaultConfigurationIsVisible = 0;
		};
		325DC93D1BD4DD8500CF5004 /* Build configuration list for PBXNativeTarget "WGNumberPickerUITests" */ = {
			isa = XCConfigurationList;
			buildConfigurations = (
				325DC93E1BD4DD8500CF5004 /* Debug */,
				325DC93F1BD4DD8500CF5004 /* Release */,
			);
			defaultConfigurationIsVisible = 0;
		};
/* End XCConfigurationList section */
	};
	rootObject = 325DC9101BD4DD8500CF5004 /* Project object */;
}
